// !$*UTF8*$!
{
	archiveVersion = 1;
	classes = {
	};
	objectVersion = 55;
	objects = {

/* Begin PBXBuildFile section */
		047F109B2B481DCE0094D302 /* AppDelegate.swift in Sources */ = {isa = PBXBuildFile; fileRef = 047F109A2B481DCE0094D302 /* AppDelegate.swift */; };
		047F109D2B481DCE0094D302 /* SceneDelegate.swift in Sources */ = {isa = PBXBuildFile; fileRef = 047F109C2B481DCE0094D302 /* SceneDelegate.swift */; };
		047F109F2B481DCE0094D302 /* ViewController.swift in Sources */ = {isa = PBXBuildFile; fileRef = 047F109E2B481DCE0094D302 /* ViewController.swift */; };
		047F10A22B481DCE0094D302 /* Main.storyboard in Resources */ = {isa = PBXBuildFile; fileRef = 047F10A02B481DCE0094D302 /* Main.storyboard */; };
		047F10A42B481DD10094D302 /* Assets.xcassets in Resources */ = {isa = PBXBuildFile; fileRef = 047F10A32B481DD10094D302 /* Assets.xcassets */; };
		047F10A72B481DD10094D302 /* LaunchScreen.storyboard in Resources */ = {isa = PBXBuildFile; fileRef = 047F10A52B481DD10094D302 /* LaunchScreen.storyboard */; };
		047F10B02B481DEC0094D302 /* Kingfisher in Frameworks */ = {isa = PBXBuildFile; productRef = 047F10AF2B481DEC0094D302 /* Kingfisher */; };
		047F10B22B481E5C0094D302 /* Users.swift in Sources */ = {isa = PBXBuildFile; fileRef = 047F10B12B481E5C0094D302 /* Users.swift */; };
		047F10B42B481EC10094D302 /* UsersDetailViewController.swift in Sources */ = {isa = PBXBuildFile; fileRef = 047F10B32B481EC10094D302 /* UsersDetailViewController.swift */; };
		047F10B72B48203E0094D302 /* UsersDetailCollectionViewCell.swift in Sources */ = {isa = PBXBuildFile; fileRef = 047F10B52B48203E0094D302 /* UsersDetailCollectionViewCell.swift */; };
		047F10B82B48203E0094D302 /* UsersDetailCollectionViewCell.xib in Resources */ = {isa = PBXBuildFile; fileRef = 047F10B62B48203E0094D302 /* UsersDetailCollectionViewCell.xib */; };
/* End PBXBuildFile section */

/* Begin PBXFileReference section */
		047F10972B481DCE0094D302 /* WebServices.app */ = {isa = PBXFileReference; explicitFileType = wrapper.application; includeInIndex = 0; path = WebServices.app; sourceTree = BUILT_PRODUCTS_DIR; };
		047F109A2B481DCE0094D302 /* AppDelegate.swift */ = {isa = PBXFileReference; lastKnownFileType = sourcecode.swift; path = AppDelegate.swift; sourceTree = "<group>"; };
		047F109C2B481DCE0094D302 /* SceneDelegate.swift */ = {isa = PBXFileReference; lastKnownFileType = sourcecode.swift; path = SceneDelegate.swift; sourceTree = "<group>"; };
		047F109E2B481DCE0094D302 /* ViewController.swift */ = {isa = PBXFileReference; lastKnownFileType = sourcecode.swift; path = ViewController.swift; sourceTree = "<group>"; };
		047F10A12B481DCE0094D302 /* Base */ = {isa = PBXFileReference; lastKnownFileType = file.storyboard; name = Base; path = Base.lproj/Main.storyboard; sourceTree = "<group>"; };
		047F10A32B481DD10094D302 /* Assets.xcassets */ = {isa = PBXFileReference; lastKnownFileType = folder.assetcatalog; path = Assets.xcassets; sourceTree = "<group>"; };
		047F10A62B481DD10094D302 /* Base */ = {isa = PBXFileReference; lastKnownFileType = file.storyboard; name = Base; path = Base.lproj/LaunchScreen.storyboard; sourceTree = "<group>"; };
		047F10A82B481DD10094D302 /* Info.plist */ = {isa = PBXFileReference; lastKnownFileType = text.plist.xml; path = Info.plist; sourceTree = "<group>"; };
		047F10B12B481E5C0094D302 /* Users.swift */ = {isa = PBXFileReference; lastKnownFileType = sourcecode.swift; path = Users.swift; sourceTree = "<group>"; };
		047F10B32B481EC10094D302 /* UsersDetailViewController.swift */ = {isa = PBXFileReference; lastKnownFileType = sourcecode.swift; path = UsersDetailViewController.swift; sourceTree = "<group>"; };
		047F10B52B48203E0094D302 /* UsersDetailCollectionViewCell.swift */ = {isa = PBXFileReference; lastKnownFileType = sourcecode.swift; path = UsersDetailCollectionViewCell.swift; sourceTree = "<group>"; };
		047F10B62B48203E0094D302 /* UsersDetailCollectionViewCell.xib */ = {isa = PBXFileReference; lastKnownFileType = file.xib; path = UsersDetailCollectionViewCell.xib; sourceTree = "<group>"; };
/* End PBXFileReference section */

/* Begin PBXFrameworksBuildPhase section */
		047F10942B481DCE0094D302 /* Frameworks */ = {
			isa = PBXFrameworksBuildPhase;
			buildActionMask = 2147483647;
			files = (
				047F10B02B481DEC0094D302 /* Kingfisher in Frameworks */,
			);
			runOnlyForDeploymentPostprocessing = 0;
		};
/* End PBXFrameworksBuildPhase section */

/* Begin PBXGroup section */
		047F108E2B481DCE0094D302 = {
			isa = PBXGroup;
			children = (
				047F10992B481DCE0094D302 /* WebServices */,
				047F10982B481DCE0094D302 /* Products */,
			);
			sourceTree = "<group>";
		};
		047F10982B481DCE0094D302 /* Products */ = {
			isa = PBXGroup;
			children = (
				047F10972B481DCE0094D302 /* WebServices.app */,
			);
			name = Products;
			sourceTree = "<group>";
		};
		047F10992B481DCE0094D302 /* WebServices */ = {
			isa = PBXGroup;
			children = (
				047F109A2B481DCE0094D302 /* AppDelegate.swift */,
				047F109C2B481DCE0094D302 /* SceneDelegate.swift */,
				047F109E2B481DCE0094D302 /* ViewController.swift */,
				047F10A02B481DCE0094D302 /* Main.storyboard */,
				047F10B12B481E5C0094D302 /* Users.swift */,
				047F10B52B48203E0094D302 /* UsersDetailCollectionViewCell.swift */,
				047F10B62B48203E0094D302 /* UsersDetailCollectionViewCell.xib */,
				047F10B32B481EC10094D302 /* UsersDetailViewController.swift */,
				047F10A32B481DD10094D302 /* Assets.xcassets */,
				047F10A52B481DD10094D302 /* LaunchScreen.storyboard */,
				047F10A82B481DD10094D302 /* Info.plist */,
			);
			path = WebServices;
			sourceTree = "<group>";
		};
/* End PBXGroup section */

/* Begin PBXNativeTarget section */
		047F10962B481DCE0094D302 /* WebServices */ = {
			isa = PBXNativeTarget;
			buildConfigurationList = 047F10AB2B481DD10094D302 /* Build configuration list for PBXNativeTarget "WebServices" */;
			buildPhases = (
				047F10932B481DCE0094D302 /* Sources */,
				047F10942B481DCE0094D302 /* Frameworks */,
				047F10952B481DCE0094D302 /* Resources */,
			);
			buildRules = (
			);
			dependencies = (
			);
			name = WebServices;
			packageProductDependencies = (
				047F10AF2B481DEC0094D302 /* Kingfisher */,
			);
			productName = WebServices;
			productReference = 047F10972B481DCE0094D302 /* WebServices.app */;
			productType = "com.apple.product-type.application";
		};
/* End PBXNativeTarget section */

/* Begin PBXProject section */
		047F108F2B481DCE0094D302 /* Project object */ = {
			isa = PBXProject;
			attributes = {
				BuildIndependentTargetsInParallel = 1;
				LastSwiftUpdateCheck = 1340;
				LastUpgradeCheck = 1340;
				TargetAttributes = {
					047F10962B481DCE0094D302 = {
						CreatedOnToolsVersion = 13.4.1;
					};
				};
			};
			buildConfigurationList = 047F10922B481DCE0094D302 /* Build configuration list for PBXProject "WebServices" */;
			compatibilityVersion = "Xcode 13.0";
			developmentRegion = en;
			hasScannedForEncodings = 0;
			knownRegions = (
				en,
				Base,
			);
			mainGroup = 047F108E2B481DCE0094D302;
			packageReferences = (
				047F10AE2B481DEC0094D302 /* XCRemoteSwiftPackageReference "Kingfisher" */,
			);
			productRefGroup = 047F10982B481DCE0094D302 /* Products */;
			projectDirPath = "";
			projectRoot = "";
			targets = (
				047F10962B481DCE0094D302 /* WebServices */,
			);
		};
/* End PBXProject section */

/* Begin PBXResourcesBuildPhase section */
		047F10952B481DCE0094D302 /* Resources */ = {
			isa = PBXResourcesBuildPhase;
			buildActionMask = 2147483647;
			files = (
				047F10A72B481DD10094D302 /* LaunchScreen.storyboard in Resources */,
				047F10A42B481DD10094D302 /* Assets.xcassets in Resources */,
				047F10B82B48203E0094D302 /* UsersDetailCollectionViewCell.xib in Resources */,
				047F10A22B481DCE0094D302 /* Main.storyboard in Resources */,
			);
			runOnlyForDeploymentPostprocessing = 0;
		};
/* End PBXResourcesBuildPhase section */

/* Begin PBXSourcesBuildPhase section */
		047F10932B481DCE0094D302 /* Sources */ = {
			isa = PBXSourcesBuildPhase;
			buildActionMask = 2147483647;
			files = (
				047F10B22B481E5C0094D302 /* Users.swift in Sources */,
				047F109F2B481DCE0094D302 /* ViewController.swift in Sources */,
				047F109B2B481DCE0094D302 /* AppDelegate.swift in Sources */,
				047F10B42B481EC10094D302 /* UsersDetailViewController.swift in Sources */,
				047F10B72B48203E0094D302 /* UsersDetailCollectionViewCell.swift in Sources */,
				047F109D2B481DCE0094D302 /* SceneDelegate.swift in Sources */,
			);
			runOnlyForDeploymentPostprocessing = 0;
		};
/* End PBXSourcesBuildPhase section */

/* Begin PBXVariantGroup section */
		047F10A02B481DCE0094D302 /* Main.storyboard */ = {
			isa = PBXVariantGroup;
			children = (
				047F10A12B481DCE0094D302 /* Base */,
			);
			name = Main.storyboard;
			sourceTree = "<group>";
		};
		047F10A52B481DD10094D302 /* LaunchScreen.storyboard */ = {
			isa = PBXVariantGroup;
			children = (
				047F10A62B481DD10094D302 /* Base */,
			);
			name = LaunchScreen.storyboard;
			sourceTree = "<group>";
		};
/* End PBXVariantGroup section */

/* Begin XCBuildConfiguration section */
		047F10A92B481DD10094D302 /* Debug */ = {
			isa = XCBuildConfiguration;
			buildSettings = {
				ALWAYS_SEARCH_USER_PATHS = NO;
				CLANG_ANALYZER_NONNULL = YES;
				CLANG_ANALYZER_NUMBER_OBJECT_CONVERSION = YES_AGGRESSIVE;
				CLANG_CXX_LANGUAGE_STANDARD = "gnu++17";
				CLANG_ENABLE_MODULES = YES;
				CLANG_ENABLE_OBJC_ARC = YES;
				CLANG_ENABLE_OBJC_WEAK = YES;
				CLANG_WARN_BLOCK_CAPTURE_AUTORELEASING = YES;
				CLANG_WARN_BOOL_CONVERSION = YES;
				CLANG_WARN_COMMA = YES;
				CLANG_WARN_CONSTANT_CONVERSION = YES;
				CLANG_WARN_DEPRECATED_OBJC_IMPLEMENTATIONS = YES;
				CLANG_WARN_DIRECT_OBJC_ISA_USAGE = YES_ERROR;
				CLANG_WARN_DOCUMENTATION_COMMENTS = YES;
				CLANG_WARN_EMPTY_BODY = YES;
				CLANG_WARN_ENUM_CONVERSION = YES;
				CLANG_WARN_INFINITE_RECURSION = YES;
				CLANG_WARN_INT_CONVERSION = YES;
				CLANG_WARN_NON_LITERAL_NULL_CONVERSION = YES;
				CLANG_WARN_OBJC_IMPLICIT_RETAIN_SELF = YES;
				CLANG_WARN_OBJC_LITERAL_CONVERSION = YES;
				CLANG_WARN_OBJC_ROOT_CLASS = YES_ERROR;
				CLANG_WARN_QUOTED_INCLUDE_IN_FRAMEWORK_HEADER = YES;
				CLANG_WARN_RANGE_LOOP_ANALYSIS = YES;
				CLANG_WARN_STRICT_PROTOTYPES = YES;
				CLANG_WARN_SUSPICIOUS_MOVE = YES;
				CLANG_WARN_UNGUARDED_AVAILABILITY = YES_AGGRESSIVE;
				CLANG_WARN_UNREACHABLE_CODE = YES;
				CLANG_WARN__DUPLICATE_METHOD_MATCH = YES;
				COPY_PHASE_STRIP = NO;
				DEBUG_INFORMATION_FORMAT = dwarf;
				ENABLE_STRICT_OBJC_MSGSEND = YES;
				ENABLE_TESTABILITY = YES;
				GCC_C_LANGUAGE_STANDARD = gnu11;
				GCC_DYNAMIC_NO_PIC = NO;
				GCC_NO_COMMON_BLOCKS = YES;
				GCC_OPTIMIZATION_LEVEL = 0;
				GCC_PREPROCESSOR_DEFINITIONS = (
					"DEBUG=1",
					"$(inherited)",
				);
				GCC_WARN_64_TO_32_BIT_CONVERSION = YES;
				GCC_WARN_ABOUT_RETURN_TYPE = YES_ERROR;
				GCC_WARN_UNDECLARED_SELECTOR = YES;
				GCC_WARN_UNINITIALIZED_AUTOS = YES_AGGRESSIVE;
				GCC_WARN_UNUSED_FUNCTION = YES;
				GCC_WARN_UNUSED_VARIABLE = YES;
				IPHONEOS_DEPLOYMENT_TARGET = 15.5;
				MTL_ENABLE_DEBUG_INFO = INCLUDE_SOURCE;
				MTL_FAST_MATH = YES;
				ONLY_ACTIVE_ARCH = YES;
				SDKROOT = iphoneos;
				SWIFT_ACTIVE_COMPILATION_CONDITIONS = DEBUG;
				SWIFT_OPTIMIZATION_LEVEL = "-Onone";
			};
			name = Debug;
		};
		047F10AA2B481DD10094D302 /* Release */ = {
			isa = XCBuildConfiguration;
			buildSettings = {
				ALWAYS_SEARCH_USER_PATHS = NO;
				CLANG_ANALYZER_NONNULL = YES;
				CLANG_ANALYZER_NUMBER_OBJECT_CONVERSION = YES_AGGRESSIVE;
				CLANG_CXX_LANGUAGE_STANDARD = "gnu++17";
				CLANG_ENABLE_MODULES = YES;
				CLANG_ENABLE_OBJC_ARC = YES;
				CLANG_ENABLE_OBJC_WEAK = YES;
				CLANG_WARN_BLOCK_CAPTURE_AUTORELEASING = YES;
				CLANG_WARN_BOOL_CONVERSION = YES;
				CLANG_WARN_COMMA = YES;
				CLANG_WARN_CONSTANT_CONVERSION = YES;
				CLANG_WARN_DEPRECATED_OBJC_IMPLEMENTATIONS = YES;
				CLANG_WARN_DIRECT_OBJC_ISA_USAGE = YES_ERROR;
				CLANG_WARN_DOCUMENTATION_COMMENTS = YES;
				CLANG_WARN_EMPTY_BODY = YES;
				CLANG_WARN_ENUM_CONVERSION = YES;
				CLANG_WARN_INFINITE_RECURSION = YES;
				CLANG_WARN_INT_CONVERSION = YES;
				CLANG_WARN_NON_LITERAL_NULL_CONVERSION = YES;
				CLANG_WARN_OBJC_IMPLICIT_RETAIN_SELF = YES;
				CLANG_WARN_OBJC_LITERAL_CONVERSION = YES;
				CLANG_WARN_OBJC_ROOT_CLASS = YES_ERROR;
				CLANG_WARN_QUOTED_INCLUDE_IN_FRAMEWORK_HEADER = YES;
				CLANG_WARN_RANGE_LOOP_ANALYSIS = YES;
				CLANG_WARN_STRICT_PROTOTYPES = YES;
				CLANG_WARN_SUSPICIOUS_MOVE = YES;
				CLANG_WARN_UNGUARDED_AVAILABILITY = YES_AGGRESSIVE;
				CLANG_WARN_UNREACHABLE_CODE = YES;
				CLANG_WARN__DUPLICATE_METHOD_MATCH = YES;
				COPY_PHASE_STRIP = NO;
				DEBUG_INFORMATION_FORMAT = "dwarf-with-dsym";
				ENABLE_NS_ASSERTIONS = NO;
				ENABLE_STRICT_OBJC_MSGSEND = YES;
				GCC_C_LANGUAGE_STANDARD = gnu11;
				GCC_NO_COMMON_BLOCKS = YES;
				GCC_WARN_64_TO_32_BIT_CONVERSION = YES;
				GCC_WARN_ABOUT_RETURN_TYPE = YES_ERROR;
				GCC_WARN_UNDECLARED_SELECTOR = YES;
				GCC_WARN_UNINITIALIZED_AUTOS = YES_AGGRESSIVE;
				GCC_WARN_UNUSED_FUNCTION = YES;
				GCC_WARN_UNUSED_VARIABLE = YES;
				IPHONEOS_DEPLOYMENT_TARGET = 15.5;
				MTL_ENABLE_DEBUG_INFO = NO;
				MTL_FAST_MATH = YES;
				SDKROOT = iphoneos;
				SWIFT_COMPILATION_MODE = wholemodule;
				SWIFT_OPTIMIZATION_LEVEL = "-O";
				VALIDATE_PRODUCT = YES;
			};
			name = Release;
		};
		047F10AC2B481DD10094D302 /* Debug */ = {
			isa = XCBuildConfiguration;
			buildSettings = {
				ASSETCATALOG_COMPILER_APPICON_NAME = AppIcon;
				ASSETCATALOG_COMPILER_GLOBAL_ACCENT_COLOR_NAME = AccentColor;
				CODE_SIGN_STYLE = Automatic;
				CURRENT_PROJECT_VERSION = 1;
				GENERATE_INFOPLIST_FILE = YES;
				INFOPLIST_FILE = WebServices/Info.plist;
				INFOPLIST_KEY_UIApplicationSupportsIndirectInputEvents = YES;
				INFOPLIST_KEY_UILaunchStoryboardName = LaunchScreen;
				INFOPLIST_KEY_UIMainStoryboardFile = Main;
				INFOPLIST_KEY_UISupportedInterfaceOrientations_iPad = "UIInterfaceOrientationPortrait UIInterfaceOrientationPortraitUpsideDown UIInterfaceOrientationLandscapeLeft UIInterfaceOrientationLandscapeRight";
				INFOPLIST_KEY_UISupportedInterfaceOrientations_iPhone = "UIInterfaceOrientationPortrait UIInterfaceOrientationLandscapeLeft UIInterfaceOrientationLandscapeRight";
				LD_RUNPATH_SEARCH_PATHS = (
					"$(inherited)",
					"@executable_path/Frameworks",
				);
				MARKETING_VERSION = 1.0;
				PRODUCT_BUNDLE_IDENTIFIER = in.bitcode.WebServices;
				PRODUCT_NAME = "$(TARGET_NAME)";
				SWIFT_EMIT_LOC_STRINGS = YES;
				SWIFT_VERSION = 5.0;
				TARGETED_DEVICE_FAMILY = "1,2";
			};
			name = Debug;
		};
		047F10AD2B481DD10094D302 /* Release */ = {
			isa = XCBuildConfiguration;
			buildSettings = {
				ASSETCATALOG_COMPILER_APPICON_NAME = AppIcon;
				ASSETCATALOG_COMPILER_GLOBAL_ACCENT_COLOR_NAME = AccentColor;
				CODE_SIGN_STYLE = Automatic;
				CURRENT_PROJECT_VERSION = 1;
				GENERATE_INFOPLIST_FILE = YES;
				INFOPLIST_FILE = WebServices/Info.plist;
				INFOPLIST_KEY_UIApplicationSupportsIndirectInputEvents = YES;
				INFOPLIST_KEY_UILaunchStoryboardName = LaunchScreen;
				INFOPLIST_KEY_UIMainStoryboardFile = Main;
				INFOPLIST_KEY_UISupportedInterfaceOrientations_iPad = "UIInterfaceOrientationPortrait UIInterfaceOrientationPortraitUpsideDown UIInterfaceOrientationLandscapeLeft UIInterfaceOrientationLandscapeRight";
				INFOPLIST_KEY_UISupportedInterfaceOrientations_iPhone = "UIInterfaceOrientationPortrait UIInterfaceOrientationLandscapeLeft UIInterfaceOrientationLandscapeRight";
				LD_RUNPATH_SEARCH_PATHS = (
					"$(inherited)",
					"@executable_path/Frameworks",
				);
				MARKETING_VERSION = 1.0;
				PRODUCT_BUNDLE_IDENTIFIER = in.bitcode.WebServices;
				PRODUCT_NAME = "$(TARGET_NAME)";
				SWIFT_EMIT_LOC_STRINGS = YES;
				SWIFT_VERSION = 5.0;
				TARGETED_DEVICE_FAMILY = "1,2";
			};
			name = Release;
		};
/* End XCBuildConfiguration section */

/* Begin XCConfigurationList section */
		047F10922B481DCE0094D302 /* Build configuration list for PBXProject "WebServices" */ = {
			isa = XCConfigurationList;
			buildConfigurations = (
				047F10A92B481DD10094D302 /* Debug */,
				047F10AA2B481DD10094D302 /* Release */,
			);
			defaultConfigurationIsVisible = 0;
			defaultConfigurationName = Release;
		};
		047F10AB2B481DD10094D302 /* Build configuration list for PBXNativeTarget "WebServices" */ = {
			isa = XCConfigurationList;
			buildConfigurations = (
				047F10AC2B481DD10094D302 /* Debug */,
				047F10AD2B481DD10094D302 /* Release */,
			);
			defaultConfigurationIsVisible = 0;
			defaultConfigurationName = Release;
		};
/* End XCConfigurationList section */

/* Begin XCRemoteSwiftPackageReference section */
		047F10AE2B481DEC0094D302 /* XCRemoteSwiftPackageReference "Kingfisher" */ = {
			isa = XCRemoteSwiftPackageReference;
			repositoryURL = "https://github.com/onevcat/Kingfisher";
			requirement = {
				branch = master;
				kind = branch;
			};
		};
/* End XCRemoteSwiftPackageReference section */

/* Begin XCSwiftPackageProductDependency section */
		047F10AF2B481DEC0094D302 /* Kingfisher */ = {
			isa = XCSwiftPackageProductDependency;
			package = 047F10AE2B481DEC0094D302 /* XCRemoteSwiftPackageReference "Kingfisher" */;
			productName = Kingfisher;
		};
/* End XCSwiftPackageProductDependency section */
	};
	rootObject = 047F108F2B481DCE0094D302 /* Project object */;
}
